hash: 6530d21b438aaf0622b5bf58d45ef2a0026bbfb355737419d9604426baa04073
updated: 2016-07-17T17:14:52.406065414-07:00
imports:
- name: engo.io/ecs
  version: 95e9cb668349043e78cfe2bc6bb3aca12b0b6507
  repo: https://github.com/EngoEngine/ecs.git
  vcs: git
- name: engo.io/engo
  version: f6f6fe37bf922c2f8f58c57ae7fbb85023c831cd
  repo: https://github.com/EngoEngine/engo.git
  vcs: git
  subpackages:
  - common
- name: engo.io/engo/common
  version: ""
- name: github.com/gopherjs/gopherjs
  version: 72e303cb5f235b23471872477b57e573dc1c71d0
  subpackages:
  - js
- name: honnef.co/go/js/dom
  version: 24aa052bc5c63cfb9383bf59493ee48621ca788c
- name: honnef.co/go/js/util
  version: 96b8dd9d16214b6cd9d8c8e84b3a375da4688108
- name: honnef.co/go/js/xhr
  version: 00e3346113aed89b501ead4e863c7c3d04fa0c5b
testImports: []
