# This file is autogenerated, do not edit; changes may be undone by the next 'dep ensure'.


[[projects]]
  name = "engo.io/ecs"
  packages = ["."]
  revision = "524c6573d8cfe9db0b7ec871c629ee4f60419e4d"

[[projects]]
  name = "engo.io/engo"
  packages = [
    ".",
    "common",
    "common/internal/decode/convert",
    "common/internal/decode/mp3",
    "common/internal/decode/vorbis",
    "common/internal/decode/wav",
    "math"
  ]
  revision = "e130e5ae040cad017e9c707f6eed99c419e64799"
  version = "v1.0"

[[projects]]
  name = "engo.io/gl"
  packages = ["."]
  revision = "dbd3b277fe443f235d09dd4dd2fa7cfff49505a4"

[[projects]]
  branch = "master"
  name = "github.com/engoengine/math"
  packages = ["."]
  revision = "afa637dd62b55bcb27f65fe1325d81bd79b32574"

[[projects]]
  name = "github.com/go-gl/gl"
  packages = ["v2.1/gl"]
  revision = "887577e03012940ff715b6af70a9ea1b9f9e60bb"

[[projects]]
  name = "github.com/go-gl/glfw"
  packages = ["v3.1/glfw"]
  revision = "45517cf5568747f99bb4b0b4abae9fa3cd5f85ed"

[[projects]]
  name = "github.com/go-gl/mathgl"
  packages = ["mgl32"]
  revision = "9e3ea3e806141087fbb83a8a8e7038bf73eff120"

[[projects]]
  name = "github.com/golang/freetype"
  packages = [
    ".",
    "raster",
    "truetype"
  ]
  revision = "bcfeb16b74e8aea9e2fe043406f2ef74b1cb0759"

[[projects]]
  name = "github.com/gopherjs/gopherjs"
  packages = ["js"]
  revision = "6997325cc76f13635f68ad9e1c38544966eb7de2"

[[projects]]
  branch = "master"
  name = "github.com/hajimehoshi/go-mp3"
  packages = [
    ".",
    "internal/bits",
    "internal/consts",
    "internal/frame",
    "internal/frameheader",
    "internal/huffman",
    "internal/imdct",
    "internal/maindata",
    "internal/sideinfo"
  ]
  revision = "3c185f92b8dbceefa913b64cae634ba47f452769"

[[projects]]
  branch = "master"
  name = "github.com/hajimehoshi/oto"
  packages = [
    ".",
    "internal/jni"
  ]
  revision = "7a1d13b19d823f7672135569e7a2d040046252e8"

[[projects]]
  name = "github.com/jfreymuth/oggvorbis"
  packages = ["."]
  revision = "9504566bd4b4afd13a5e5acb770934d58c87028a"
  version = "v1.0.0"

[[projects]]
  name = "github.com/jfreymuth/vorbis"
  packages = ["."]
  revision = "2f16367d086d143e8e946cc5ee24618147d673dc"
  version = "v1.0.0"

[[projects]]
  name = "golang.org/x/exp"
  packages = [
    "shiny/driver/gldriver",
    "shiny/driver/internal/drawer",
    "shiny/driver/internal/errscreen",
    "shiny/driver/internal/event",
    "shiny/driver/internal/lifecycler",
    "shiny/driver/internal/win32",
    "shiny/driver/internal/x11key",
    "shiny/screen"
  ]
  revision = "239d448f23a0d683c1ab7225da01af038355f5e9"

[[projects]]
  name = "golang.org/x/image"
  packages = [
    "font",
    "math/f32",
    "math/f64",
    "math/fixed"
  ]
  revision = "426cfd8eeb6e08ab1932954e09e3c2cb2bc6e36d"

[[projects]]
  name = "golang.org/x/mobile"
  packages = [
    "app",
    "app/internal/callfn",
    "asset",
    "event/key",
    "event/lifecycle",
    "event/mouse",
    "event/paint",
    "event/size",
    "event/touch",
    "geom",
    "gl",
    "internal/mobileinit"
  ]
  revision = "44a54e9b78442c0a8233ee2d552c61da88e053c3"

[[projects]]
  name = "golang.org/x/sys"
  packages = ["windows"]
  revision = "a55a76086885b80f79961eacb876ebd8caf3868d"

[[projects]]
  name = "honnef.co/go/js/dom"
  packages = ["."]
  revision = "0a64a2db1425c1881d4ec762370250c65f44b85b"

[[projects]]
  branch = "master"
  name = "honnef.co/go/js/util"
  packages = ["."]
  revision = "96b8dd9d16214b6cd9d8c8e84b3a375da4688108"

[[projects]]
  branch = "master"
  name = "honnef.co/go/js/xhr"
  packages = ["."]
  revision = "00e3346113aed89b501ead4e863c7c3d04fa0c5b"

[solve-meta]
  analyzer-name = "dep"
  analyzer-version = 1
  inputs-digest = "ef5e26b13d04eec9258d9d737e98968fc043c9c5cc477982066bd1231a49d505"
  solver-name = "gps-cdcl"
  solver-version = 1
